{
  "name": "watsonsec-osv-fixture",
  "version": "0.0.1",
  "lockfileVersion": 2,
  "requires": true,
  "packages": {
    "": {
      "name": "watsonsec-osv-fixture",
      "version": "0.0.1",
      "dependencies": {
        "lodash": "4.17.15",
        "axios": "0.21.1",
        "express": "4.17.1"
      }
    },
    "node_modules/lodash": {
      "version": "4.17.15",
      "resolved": "https://registry.npmjs.org/lodash/-/lodash-4.17.15.tgz",
      "integrity": "sha512-8xOcRHvCjnocdS5cpwXEXqx1wCMJMrE2oI7f/cbI2NtIdxMvxeNsGFyR1FLEuBiRhFp8oGVB0YWrFWl1F2dTA=="
    },
    "node_modules/axios": {
      "version": "0.21.1",
      "resolved": "https://registry.npmjs.org/axios/-/axios-0.21.1.tgz",
      "integrity": "sha512-dKQiRHxGD9l19Q9bCz5bYeXMwQQABnXRJJmI/Dl7MBP0yS8CImI2i9n7MI8+0tNgR9jdOJH8VNTGbhAkiLbQ=="
    },
    "node_modules/express": {
      "version": "4.17.1",
      "resolved": "https://registry.npmjs.org/express/-/express-4.17.1.tgz",
      "integrity": "sha512-mHJ9O79RqluphRrcw2X/GTh3k9tVv8YcoyY4Kkh4WDMUYKRZUq0h1o0w2rrrxBqM7VoZhFv1bdHe4NEjCgcuQ=="
    }
  }
}
